
Microsoft Visual Studio Solution File, Format Version 12.00
# Visual Studio Version 17
VisualStudioVersion = 17.9.34622.214
MinimumVisualStudioVersion = 10.0.40219.1
Project("{9A19103F-16F7-4668-BE54-9A1E7A4F7556}") = "VivaCityWebApi.WebAPI", "VivaCityWebApi.WebAPI\VivaCityWebApi.WebAPI.csproj", "{ADAC6DE1-2681-4F76-A9DA-E44AF996FD6E}"
EndProject
Project("{9A19103F-16F7-4668-BE54-9A1E7A4F7556}") = "VivaCityWebApi.Business", "VivaCityWebApi.Business\VivaCityWebApi.Business.csproj", "{79E052F4-CB24-4B58-87ED-0EE9FCD85ADD}"
EndProject
Project("{9A19103F-16F7-4668-BE54-9A1E7A4F7556}") = "VivaCityWebApi.DataAccess", "VivaCityWebApi.DataAccess\VivaCityWebApi.DataAccess.csproj", "{DD973450-445B-42D6-A83C-C3C0261067E8}"
EndProject
Project("{9A19103F-16F7-4668-BE54-9A1E7A4F7556}") = "VivaCityWebApi.Common", "VivaCityWebApi.Common\VivaCityWebApi.Common.csproj", "{C6D72ABC-81CC-4064-9690-654014FBC900}"
EndProject
Project("{FAE04EC0-301F-11D3-BF4B-00C04F79EFBC}") = "VivaCityWebApi.WebApi.Tests", "VivaCityWebApi.WebApi.Tests\VivaCityWebApi.WebApi.Tests.csproj", "{54749BF4-3664-4C55-8F2F-6809646D58A0}"
EndProject
Global
	GlobalSection(SolutionConfigurationPlatforms) = preSolution
		Debug|Any CPU = Debug|Any CPU
		Release|Any CPU = Release|Any CPU
	EndGlobalSection
	GlobalSection(ProjectConfigurationPlatforms) = postSolution
		{ADAC6DE1-2681-4F76-A9DA-E44AF996FD6E}.Debug|Any CPU.ActiveCfg = Debug|Any CPU
		{ADAC6DE1-2681-4F76-A9DA-E44AF996FD6E}.Debug|Any CPU.Build.0 = Debug|Any CPU
		{ADAC6DE1-2681-4F76-A9DA-E44AF996FD6E}.Release|Any CPU.ActiveCfg = Release|Any CPU
		{ADAC6DE1-2681-4F76-A9DA-E44AF996FD6E}.Release|Any CPU.Build.0 = Release|Any CPU
		{79E052F4-CB24-4B58-87ED-0EE9FCD85ADD}.Debug|Any CPU.ActiveCfg = Debug|Any CPU
		{79E052F4-CB24-4B58-87ED-0EE9FCD85ADD}.Debug|Any CPU.Build.0 = Debug|Any CPU
		{79E052F4-CB24-4B58-87ED-0EE9FCD85ADD}.Release|Any CPU.ActiveCfg = Release|Any CPU
		{79E052F4-CB24-4B58-87ED-0EE9FCD85ADD}.Release|Any CPU.Build.0 = Release|Any CPU
		{DD973450-445B-42D6-A83C-C3C0261067E8}.Debug|Any CPU.ActiveCfg = Debug|Any CPU
		{DD973450-445B-42D6-A83C-C3C0261067E8}.Debug|Any CPU.Build.0 = Debug|Any CPU
		{DD973450-445B-42D6-A83C-C3C0261067E8}.Release|Any CPU.ActiveCfg = Release|Any CPU
		{DD973450-445B-42D6-A83C-C3C0261067E8}.Release|Any CPU.Build.0 = Release|Any CPU
		{C6D72ABC-81CC-4064-9690-654014FBC900}.Debug|Any CPU.ActiveCfg = Debug|Any CPU
		{C6D72ABC-81CC-4064-9690-654014FBC900}.Debug|Any CPU.Build.0 = Debug|Any CPU
		{C6D72ABC-81CC-4064-9690-654014FBC900}.Release|Any CPU.ActiveCfg = Release|Any CPU
		{C6D72ABC-81CC-4064-9690-654014FBC900}.Release|Any CPU.Build.0 = Release|Any CPU
		{54749BF4-3664-4C55-8F2F-6809646D58A0}.Debug|Any CPU.ActiveCfg = Debug|Any CPU
		{54749BF4-3664-4C55-8F2F-6809646D58A0}.Debug|Any CPU.Build.0 = Debug|Any CPU
		{54749BF4-3664-4C55-8F2F-6809646D58A0}.Release|Any CPU.ActiveCfg = Release|Any CPU
		{54749BF4-3664-4C55-8F2F-6809646D58A0}.Release|Any CPU.Build.0 = Release|Any CPU
	EndGlobalSection
	GlobalSection(SolutionProperties) = preSolution
		HideSolutionNode = FALSE
	EndGlobalSection
	GlobalSection(ExtensibilityGlobals) = postSolution
		SolutionGuid = {15773C65-FC4E-4F84-A48B-4BABDD5EFC57}
	EndGlobalSection
EndGlobal
